PODS:
  - Differentiator (5.0.0)
  - Eureka (5.3.2)
  - FLEX (4.4.0)
  - FontBlaster (5.1.3)
  - Reusable (4.1.1):
    - Reusable/Storyboard (= 4.1.1)
    - Reusable/View (= 4.1.1)
  - Reusable/Storyboard (4.1.1)
  - Reusable/View (4.1.1)
  - RxCocoa (6.0.0):
    - RxRelay (= 6.0.0)
    - RxSwift (= 6.0.0)
  - RxDataSources (5.0.0):
    - Differentiator (~> 5.0)
    - RxCocoa (~> 6.0)
    - RxSwift (~> 6.0)
  - RxFlow (2.12.0):
    - RxCocoa (>= 6.0.0)
    - RxSwift (>= 6.0.0)
  - RxRelay (6.0.0):
    - RxSwift (= 6.0.0)
  - RxSwift (6.0.0)
  - SwiftDate (6.3.1)
  - SwiftyUserDefaults (5.0.0)
  - XCDYouTubeKit (2.15.2)

DEPENDENCIES:
  - Eureka
  - FLEX
  - FontBlaster
  - Reusable
  - RxCocoa
  - RxDataSources
  - RxFlow
  - RxSwift
  - SwiftDate
  - SwiftyUserDefaults
  - XCDYouTubeKit

SPEC REPOS:
  trunk:
    - Differentiator
    - Eureka
    - FLEX
    - FontBlaster
    - Reusable
    - RxCocoa
    - RxDataSources
    - RxFlow
    - RxRelay
    - RxSwift
    - SwiftDate
    - SwiftyUserDefaults
    - XCDYouTubeKit

SPEC CHECKSUMS:
  Differentiator: e8497ceab83c1b10ca233716d547b9af21b9344d
  Eureka: 1c2b8b5892bfb0e972d0fe05f8c09fd89f8625ec
  FLEX: 0592c011c6dfbfdb94a5e24f2d4a9dbff0c6026d
  FontBlaster: 5bbc2d94d5731e9bad4f46172e58b1106af99516
  Reusable: 53a9acf5c536f229b31b5865782414b508252ddb
  RxCocoa: 3f79328fafa3645b34600f37c31e64c73ae3a80e
  RxDataSources: aa47cc1ed6c500fa0dfecac5c979b723542d79cf
  RxFlow: b407eb6b5d956041a9e0930469346e104911a470
  RxRelay: 8d593be109c06ea850df027351beba614b012ffb
  RxSwift: c14e798c59b9f6e9a2df8fd235602e85cc044295
  SwiftDate: 72d28954e8e1c6c1c0f917ccc8005e4f83c7d4b2
  SwiftyUserDefaults: 33fcb42bd1feb53a37d873feb62c82967db5f7f6
  XCDYouTubeKit: b120aced3d8638ffb570c5450cddb5a1dac448c7

PODFILE CHECKSUM: d5877cbdd8b31e33e542b05a541373df44940a1a

COCOAPODS: 1.10.1
