// !$*UTF8*$!
{
	archiveVersion = 1;
	classes = {
	};
	objectVersion = 51;
	objects = {

/* Begin PBXBuildFile section */
		663D81E025A782D4009AD901 /* BaseController.swift in Sources */ = {isa = PBXBuildFile; fileRef = 663D81D925A782C8009AD901 /* BaseController.swift */; };
		663D81E725A782D9009AD901 /* BaseModel.swift in Sources */ = {isa = PBXBuildFile; fileRef = 663D81DA25A782C8009AD901 /* BaseModel.swift */; };
		663D81EB25A782DC009AD901 /* AppFlow.swift in Sources */ = {isa = PBXBuildFile; fileRef = 663D81DC25A782C8009AD901 /* AppFlow.swift */; };
		663D81EF25A782DF009AD901 /* AppStep.swift in Sources */ = {isa = PBXBuildFile; fileRef = 663D81DD25A782C8009AD901 /* AppStep.swift */; };
		663D81F325A782E4009AD901 /* StreamViewerModel.swift in Sources */ = {isa = PBXBuildFile; fileRef = 663D81D425A782C8009AD901 /* StreamViewerModel.swift */; };
		663D81F725A782EA009AD901 /* StreamViewerController.swift in Sources */ = {isa = PBXBuildFile; fileRef = 663D81D525A782C8009AD901 /* StreamViewerController.swift */; };
		663D81FE25A78360009AD901 /* HomeViewController.swift in Sources */ = {isa = PBXBuildFile; fileRef = 663D81FD25A78360009AD901 /* HomeViewController.swift */; };
		663D820625A78368009AD901 /* HomeViewController.storyboard in Resources */ = {isa = PBXBuildFile; fileRef = 663D820525A78368009AD901 /* HomeViewController.storyboard */; };
		663D821625A7855A009AD901 /* StreamViewerController.storyboard in Resources */ = {isa = PBXBuildFile; fileRef = 663D81D625A782C8009AD901 /* StreamViewerController.storyboard */; };
		665A973E25AA3B250032F8E7 /* client_626233357823-qpb2o7vroh74h3uf9vs27dtsmfnaj2j2.apps.googleusercontent.com.plist in Resources */ = {isa = PBXBuildFile; fileRef = 665A973D25AA3B250032F8E7 /* client_626233357823-qpb2o7vroh74h3uf9vs27dtsmfnaj2j2.apps.googleusercontent.com.plist */; };
		6672687D25B20B1B00C5AC95 /* WindowInjector.js in Resources */ = {isa = PBXBuildFile; fileRef = 6672687C25B20B1B00C5AC95 /* WindowInjector.js */; };
		66865D5F25BFFEE800DB5C3C /* PlayerView.swift in Sources */ = {isa = PBXBuildFile; fileRef = 66865D5E25BFFEE700DB5C3C /* PlayerView.swift */; };
		66865D6C25C003E600DB5C3C /* Font Awesome 5 Duotone-Solid-900.otf in Resources */ = {isa = PBXBuildFile; fileRef = 66865D6725C003E600DB5C3C /* Font Awesome 5 Duotone-Solid-900.otf */; };
		66865D6D25C003E600DB5C3C /* Font Awesome 5 Brands-Regular-400.otf in Resources */ = {isa = PBXBuildFile; fileRef = 66865D6825C003E600DB5C3C /* Font Awesome 5 Brands-Regular-400.otf */; };
		66865D6E25C003E600DB5C3C /* Font Awesome 5 Pro-Regular-400.otf in Resources */ = {isa = PBXBuildFile; fileRef = 66865D6925C003E600DB5C3C /* Font Awesome 5 Pro-Regular-400.otf */; };
		66865D6F25C003E600DB5C3C /* Font Awesome 5 Pro-Light-300.otf in Resources */ = {isa = PBXBuildFile; fileRef = 66865D6A25C003E600DB5C3C /* Font Awesome 5 Pro-Light-300.otf */; };
		66865D7025C003E600DB5C3C /* Font Awesome 5 Pro-Solid-900.otf in Resources */ = {isa = PBXBuildFile; fileRef = 66865D6B25C003E600DB5C3C /* Font Awesome 5 Pro-Solid-900.otf */; };
		669CBBC525C0E83C0048EFF9 /* SettingsViewController.swift in Sources */ = {isa = PBXBuildFile; fileRef = 669CBBC425C0E83C0048EFF9 /* SettingsViewController.swift */; };
		669CBBCD25C0E8410048EFF9 /* SettingsViewModel.swift in Sources */ = {isa = PBXBuildFile; fileRef = 669CBBCC25C0E8410048EFF9 /* SettingsViewModel.swift */; };
		669CBBD225C0E84A0048EFF9 /* SettingsViewController.storyboard in Resources */ = {isa = PBXBuildFile; fileRef = 669CBBD125C0E84A0048EFF9 /* SettingsViewController.storyboard */; };
		66DE002225A70E6D0071D27B /* ActionViewController.swift in Sources */ = {isa = PBXBuildFile; fileRef = 66DE002125A70E6D0071D27B /* ActionViewController.swift */; };
		66DE002925A70E6D0071D27B /* yt-translate.appex in Embed App Extensions */ = {isa = PBXBuildFile; fileRef = 66DE001D25A70E6D0071D27B /* yt-translate.appex */; settings = {ATTRIBUTES = (RemoveHeadersOnCopy, ); }; };
		66DE004325A7173A0071D27B /* MainInterface.storyboard in Resources */ = {isa = PBXBuildFile; fileRef = 66DE004225A7173A0071D27B /* MainInterface.storyboard */; };
		66DEFF4025A6E24A0071D27B /* AppDelegate.swift in Sources */ = {isa = PBXBuildFile; fileRef = 66DEFF3F25A6E24A0071D27B /* AppDelegate.swift */; };
		66DEFF4925A6E24B0071D27B /* Assets.xcassets in Resources */ = {isa = PBXBuildFile; fileRef = 66DEFF4825A6E24B0071D27B /* Assets.xcassets */; };
		66DEFF4C25A6E24B0071D27B /* LaunchScreen.storyboard in Resources */ = {isa = PBXBuildFile; fileRef = 66DEFF4A25A6E24B0071D27B /* LaunchScreen.storyboard */; };
		66DEFF5925A6E2700071D27B /* AppDelegate.swift in Sources */ = {isa = PBXBuildFile; fileRef = 66DEFF5825A6E2700071D27B /* AppDelegate.swift */; };
		66DEFF5B25A6E2700071D27B /* ViewController.swift in Sources */ = {isa = PBXBuildFile; fileRef = 66DEFF5A25A6E2700071D27B /* ViewController.swift */; };
		66DEFF5E25A6E2700071D27B /* Main.storyboard in Resources */ = {isa = PBXBuildFile; fileRef = 66DEFF5C25A6E2700071D27B /* Main.storyboard */; };
		66DEFF6025A6E2710071D27B /* Assets.xcassets in Resources */ = {isa = PBXBuildFile; fileRef = 66DEFF5F25A6E2710071D27B /* Assets.xcassets */; };
		66DEFF6325A6E2710071D27B /* LaunchScreen.storyboard in Resources */ = {isa = PBXBuildFile; fileRef = 66DEFF6125A6E2710071D27B /* LaunchScreen.storyboard */; };
		66E19D8925C3D7BE00A2AA9B /* TranslatedLanguageTag.swift in Sources */ = {isa = PBXBuildFile; fileRef = 66E19D8825C3D7BE00A2AA9B /* TranslatedLanguageTag.swift */; };
		66E19DA025C3D99500A2AA9B /* Defaults.swift in Sources */ = {isa = PBXBuildFile; fileRef = 66E19D9F25C3D99500A2AA9B /* Defaults.swift */; };
		66E656D125BA95F9007CE809 /* YTInjectedMessage.swift in Sources */ = {isa = PBXBuildFile; fileRef = 66E656D025BA95F9007CE809 /* YTInjectedMessage.swift */; };
		66E6570C25BBD15A007CE809 /* TableViewExtension.swift in Sources */ = {isa = PBXBuildFile; fileRef = 66E6570B25BBD15A007CE809 /* TableViewExtension.swift */; };
		66E6571225BBDC56007CE809 /* ChatTextCell.swift in Sources */ = {isa = PBXBuildFile; fileRef = 66E6571025BBDC56007CE809 /* ChatTextCell.swift */; };
		66E6571325BBDC56007CE809 /* ChatTextCell.xib in Resources */ = {isa = PBXBuildFile; fileRef = 66E6571125BBDC56007CE809 /* ChatTextCell.xib */; };
		66E6578625BE3EF3007CE809 /* Assets.xcassets in Resources */ = {isa = PBXBuildFile; fileRef = 66DEFF4825A6E24B0071D27B /* Assets.xcassets */; };
		66F2A4FC25ACE41E00B271AA /* AuthService.swift in Sources */ = {isa = PBXBuildFile; fileRef = 66F2A4FB25ACE41E00B271AA /* AuthService.swift */; };
		66F2A50425ACE79000B271AA /* AppServices.swift in Sources */ = {isa = PBXBuildFile; fileRef = 66F2A50325ACE79000B271AA /* AppServices.swift */; };
		66F2A52125ACF1BC00B271AA /* HomeModel.swift in Sources */ = {isa = PBXBuildFile; fileRef = 66F2A52025ACF1BC00B271AA /* HomeModel.swift */; };
		7B94287507B3A6759681E230 /* Pods_tvos.framework in Frameworks */ = {isa = PBXBuildFile; fileRef = 880D8B890B7BCF386DA2249D /* Pods_tvos.framework */; };
		9EF932AC8BEA13B9A9FE14E4 /* Pods_ios.framework in Frameworks */ = {isa = PBXBuildFile; fileRef = E2905CBAD8592DABE992D356 /* Pods_ios.framework */; };
/* End PBXBuildFile section */

/* Begin PBXContainerItemProxy section */
		66DE002725A70E6D0071D27B /* PBXContainerItemProxy */ = {
			isa = PBXContainerItemProxy;
			containerPortal = 66DEFF3225A6E23D0071D27B /* Project object */;
			proxyType = 1;
			remoteGlobalIDString = 66DE001C25A70E6D0071D27B;
			remoteInfo = "yt-translate";
		};
/* End PBXContainerItemProxy section */

/* Begin PBXCopyFilesBuildPhase section */
		66DEFFC025A706310071D27B /* Embed App Extensions */ = {
			isa = PBXCopyFilesBuildPhase;
			buildActionMask = 2147483647;
			dstPath = "";
			dstSubfolderSpec = 13;
			files = (
				66DE002925A70E6D0071D27B /* yt-translate.appex in Embed App Extensions */,
			);
			name = "Embed App Extensions";
			runOnlyForDeploymentPostprocessing = 0;
		};
/* End PBXCopyFilesBuildPhase section */

/* Begin PBXFileReference section */
		4C6604F29AA6485839C57364 /* Pods-tvos.release.xcconfig */ = {isa = PBXFileReference; includeInIndex = 1; lastKnownFileType = text.xcconfig; name = "Pods-tvos.release.xcconfig"; path = "Target Support Files/Pods-tvos/Pods-tvos.release.xcconfig"; sourceTree = "<group>"; };
		663D81D425A782C8009AD901 /* StreamViewerModel.swift */ = {isa = PBXFileReference; lastKnownFileType = sourcecode.swift; path = StreamViewerModel.swift; sourceTree = "<group>"; };
		663D81D525A782C8009AD901 /* StreamViewerController.swift */ = {isa = PBXFileReference; lastKnownFileType = sourcecode.swift; path = StreamViewerController.swift; sourceTree = "<group>"; };
		663D81D625A782C8009AD901 /* StreamViewerController.storyboard */ = {isa = PBXFileReference; lastKnownFileType = file.storyboard; path = StreamViewerController.storyboard; sourceTree = "<group>"; };
		663D81D925A782C8009AD901 /* BaseController.swift */ = {isa = PBXFileReference; lastKnownFileType = sourcecode.swift; path = BaseController.swift; sourceTree = "<group>"; };
		663D81DA25A782C8009AD901 /* BaseModel.swift */ = {isa = PBXFileReference; lastKnownFileType = sourcecode.swift; path = BaseModel.swift; sourceTree = "<group>"; };
		663D81DC25A782C8009AD901 /* AppFlow.swift */ = {isa = PBXFileReference; lastKnownFileType = sourcecode.swift; path = AppFlow.swift; sourceTree = "<group>"; };
		663D81DD25A782C8009AD901 /* AppStep.swift */ = {isa = PBXFileReference; lastKnownFileType = sourcecode.swift; path = AppStep.swift; sourceTree = "<group>"; };
		663D81FD25A78360009AD901 /* HomeViewController.swift */ = {isa = PBXFileReference; lastKnownFileType = sourcecode.swift; path = HomeViewController.swift; sourceTree = "<group>"; };
		663D820525A78368009AD901 /* HomeViewController.storyboard */ = {isa = PBXFileReference; lastKnownFileType = file.storyboard; path = HomeViewController.storyboard; sourceTree = "<group>"; };
		665A973D25AA3B250032F8E7 /* client_626233357823-qpb2o7vroh74h3uf9vs27dtsmfnaj2j2.apps.googleusercontent.com.plist */ = {isa = PBXFileReference; fileEncoding = 4; lastKnownFileType = text.plist.xml; path = "client_626233357823-qpb2o7vroh74h3uf9vs27dtsmfnaj2j2.apps.googleusercontent.com.plist"; sourceTree = "<group>"; };
		6672687C25B20B1B00C5AC95 /* WindowInjector.js */ = {isa = PBXFileReference; lastKnownFileType = sourcecode.javascript; path = WindowInjector.js; sourceTree = "<group>"; };
		66865D5E25BFFEE700DB5C3C /* PlayerView.swift */ = {isa = PBXFileReference; lastKnownFileType = sourcecode.swift; path = PlayerView.swift; sourceTree = "<group>"; };
		66865D6725C003E600DB5C3C /* Font Awesome 5 Duotone-Solid-900.otf */ = {isa = PBXFileReference; lastKnownFileType = file; name = "Font Awesome 5 Duotone-Solid-900.otf"; path = "FontAwesome/otfs/Font Awesome 5 Duotone-Solid-900.otf"; sourceTree = SOURCE_ROOT; };
		66865D6825C003E600DB5C3C /* Font Awesome 5 Brands-Regular-400.otf */ = {isa = PBXFileReference; lastKnownFileType = file; name = "Font Awesome 5 Brands-Regular-400.otf"; path = "FontAwesome/otfs/Font Awesome 5 Brands-Regular-400.otf"; sourceTree = SOURCE_ROOT; };
		66865D6925C003E600DB5C3C /* Font Awesome 5 Pro-Regular-400.otf */ = {isa = PBXFileReference; lastKnownFileType = file; name = "Font Awesome 5 Pro-Regular-400.otf"; path = "FontAwesome/otfs/Font Awesome 5 Pro-Regular-400.otf"; sourceTree = SOURCE_ROOT; };
		66865D6A25C003E600DB5C3C /* Font Awesome 5 Pro-Light-300.otf */ = {isa = PBXFileReference; lastKnownFileType = file; name = "Font Awesome 5 Pro-Light-300.otf"; path = "FontAwesome/otfs/Font Awesome 5 Pro-Light-300.otf"; sourceTree = SOURCE_ROOT; };
		66865D6B25C003E600DB5C3C /* Font Awesome 5 Pro-Solid-900.otf */ = {isa = PBXFileReference; lastKnownFileType = file; name = "Font Awesome 5 Pro-Solid-900.otf"; path = "FontAwesome/otfs/Font Awesome 5 Pro-Solid-900.otf"; sourceTree = SOURCE_ROOT; };
		669CBBC425C0E83C0048EFF9 /* SettingsViewController.swift */ = {isa = PBXFileReference; lastKnownFileType = sourcecode.swift; path = SettingsViewController.swift; sourceTree = "<group>"; };
		669CBBCC25C0E8410048EFF9 /* SettingsViewModel.swift */ = {isa = PBXFileReference; lastKnownFileType = sourcecode.swift; path = SettingsViewModel.swift; sourceTree = "<group>"; };
		669CBBD125C0E84A0048EFF9 /* SettingsViewController.storyboard */ = {isa = PBXFileReference; lastKnownFileType = file.storyboard; path = SettingsViewController.storyboard; sourceTree = "<group>"; };
		66DE001D25A70E6D0071D27B /* yt-translate.appex */ = {isa = PBXFileReference; explicitFileType = "wrapper.app-extension"; includeInIndex = 0; path = "yt-translate.appex"; sourceTree = BUILT_PRODUCTS_DIR; };
		66DE001F25A70E6D0071D27B /* Media.xcassets */ = {isa = PBXFileReference; lastKnownFileType = folder.assetcatalog; path = Media.xcassets; sourceTree = "<group>"; };
		66DE002125A70E6D0071D27B /* ActionViewController.swift */ = {isa = PBXFileReference; lastKnownFileType = sourcecode.swift; path = ActionViewController.swift; sourceTree = "<group>"; };
		66DE002625A70E6D0071D27B /* Info.plist */ = {isa = PBXFileReference; lastKnownFileType = text.plist.xml; path = Info.plist; sourceTree = "<group>"; };
		66DE004225A7173A0071D27B /* MainInterface.storyboard */ = {isa = PBXFileReference; lastKnownFileType = file.storyboard; path = MainInterface.storyboard; sourceTree = "<group>"; };
		66DEFF3C25A6E24A0071D27B /* ios.app */ = {isa = PBXFileReference; explicitFileType = wrapper.application; includeInIndex = 0; path = ios.app; sourceTree = BUILT_PRODUCTS_DIR; };
		66DEFF3F25A6E24A0071D27B /* AppDelegate.swift */ = {isa = PBXFileReference; lastKnownFileType = sourcecode.swift; path = AppDelegate.swift; sourceTree = "<group>"; };
		66DEFF4825A6E24B0071D27B /* Assets.xcassets */ = {isa = PBXFileReference; lastKnownFileType = folder.assetcatalog; path = Assets.xcassets; sourceTree = "<group>"; };
		66DEFF4B25A6E24B0071D27B /* Base */ = {isa = PBXFileReference; lastKnownFileType = file.storyboard; name = Base; path = Base.lproj/LaunchScreen.storyboard; sourceTree = "<group>"; };
		66DEFF4D25A6E24B0071D27B /* Info.plist */ = {isa = PBXFileReference; lastKnownFileType = text.plist.xml; path = Info.plist; sourceTree = "<group>"; };
		66DEFF5625A6E2700071D27B /* tvos.app */ = {isa = PBXFileReference; explicitFileType = wrapper.application; includeInIndex = 0; path = tvos.app; sourceTree = BUILT_PRODUCTS_DIR; };
		66DEFF5825A6E2700071D27B /* AppDelegate.swift */ = {isa = PBXFileReference; lastKnownFileType = sourcecode.swift; path = AppDelegate.swift; sourceTree = "<group>"; };
		66DEFF5A25A6E2700071D27B /* ViewController.swift */ = {isa = PBXFileReference; lastKnownFileType = sourcecode.swift; path = ViewController.swift; sourceTree = "<group>"; };
		66DEFF5D25A6E2700071D27B /* Base */ = {isa = PBXFileReference; lastKnownFileType = file.storyboard; name = Base; path = Base.lproj/Main.storyboard; sourceTree = "<group>"; };
		66DEFF5F25A6E2710071D27B /* Assets.xcassets */ = {isa = PBXFileReference; lastKnownFileType = folder.assetcatalog; path = Assets.xcassets; sourceTree = "<group>"; };
		66DEFF6225A6E2710071D27B /* Base */ = {isa = PBXFileReference; lastKnownFileType = file.storyboard; name = Base; path = Base.lproj/LaunchScreen.storyboard; sourceTree = "<group>"; };
		66DEFF6425A6E2710071D27B /* Info.plist */ = {isa = PBXFileReference; lastKnownFileType = text.plist.xml; path = Info.plist; sourceTree = "<group>"; };
		66DEFFD025A70AEB0071D27B /* ios.entitlements */ = {isa = PBXFileReference; lastKnownFileType = text.plist.entitlements; path = ios.entitlements; sourceTree = "<group>"; };
		66E19D8825C3D7BE00A2AA9B /* TranslatedLanguageTag.swift */ = {isa = PBXFileReference; lastKnownFileType = sourcecode.swift; path = TranslatedLanguageTag.swift; sourceTree = "<group>"; };
		66E19D9F25C3D99500A2AA9B /* Defaults.swift */ = {isa = PBXFileReference; lastKnownFileType = sourcecode.swift; path = Defaults.swift; sourceTree = "<group>"; };
		66E656D025BA95F9007CE809 /* YTInjectedMessage.swift */ = {isa = PBXFileReference; lastKnownFileType = sourcecode.swift; path = YTInjectedMessage.swift; sourceTree = "<group>"; };
		66E6570B25BBD15A007CE809 /* TableViewExtension.swift */ = {isa = PBXFileReference; lastKnownFileType = sourcecode.swift; path = TableViewExtension.swift; sourceTree = "<group>"; };
		66E6571025BBDC56007CE809 /* ChatTextCell.swift */ = {isa = PBXFileReference; lastKnownFileType = sourcecode.swift; path = ChatTextCell.swift; sourceTree = "<group>"; };
		66E6571125BBDC56007CE809 /* ChatTextCell.xib */ = {isa = PBXFileReference; lastKnownFileType = file.xib; path = ChatTextCell.xib; sourceTree = "<group>"; };
		66F2A4FB25ACE41E00B271AA /* AuthService.swift */ = {isa = PBXFileReference; lastKnownFileType = sourcecode.swift; path = AuthService.swift; sourceTree = "<group>"; };
		66F2A50325ACE79000B271AA /* AppServices.swift */ = {isa = PBXFileReference; lastKnownFileType = sourcecode.swift; path = AppServices.swift; sourceTree = "<group>"; };
		66F2A52025ACF1BC00B271AA /* HomeModel.swift */ = {isa = PBXFileReference; lastKnownFileType = sourcecode.swift; path = HomeModel.swift; sourceTree = "<group>"; };
		7A4B8DCDE15CABCE97E4F309 /* Pods-ios.debug.xcconfig */ = {isa = PBXFileReference; includeInIndex = 1; lastKnownFileType = text.xcconfig; name = "Pods-ios.debug.xcconfig"; path = "Target Support Files/Pods-ios/Pods-ios.debug.xcconfig"; sourceTree = "<group>"; };
		880D8B890B7BCF386DA2249D /* Pods_tvos.framework */ = {isa = PBXFileReference; explicitFileType = wrapper.framework; includeInIndex = 0; path = Pods_tvos.framework; sourceTree = BUILT_PRODUCTS_DIR; };
		E2905CBAD8592DABE992D356 /* Pods_ios.framework */ = {isa = PBXFileReference; explicitFileType = wrapper.framework; includeInIndex = 0; path = Pods_ios.framework; sourceTree = BUILT_PRODUCTS_DIR; };
		EF3726D741603E507E9CCAF4 /* Pods-ios.release.xcconfig */ = {isa = PBXFileReference; includeInIndex = 1; lastKnownFileType = text.xcconfig; name = "Pods-ios.release.xcconfig"; path = "Target Support Files/Pods-ios/Pods-ios.release.xcconfig"; sourceTree = "<group>"; };
		F86324A85769A169EC5E4D5A /* Pods-tvos.debug.xcconfig */ = {isa = PBXFileReference; includeInIndex = 1; lastKnownFileType = text.xcconfig; name = "Pods-tvos.debug.xcconfig"; path = "Target Support Files/Pods-tvos/Pods-tvos.debug.xcconfig"; sourceTree = "<group>"; };
/* End PBXFileReference section */

/* Begin PBXFrameworksBuildPhase section */
		66DE001A25A70E6D0071D27B /* Frameworks */ = {
			isa = PBXFrameworksBuildPhase;
			buildActionMask = 2147483647;
			files = (
			);
			runOnlyForDeploymentPostprocessing = 0;
		};
		66DEFF3925A6E24A0071D27B /* Frameworks */ = {
			isa = PBXFrameworksBuildPhase;
			buildActionMask = 2147483647;
			files = (
				9EF932AC8BEA13B9A9FE14E4 /* Pods_ios.framework in Frameworks */,
			);
			runOnlyForDeploymentPostprocessing = 0;
		};
		66DEFF5325A6E2700071D27B /* Frameworks */ = {
			isa = PBXFrameworksBuildPhase;
			buildActionMask = 2147483647;
			files = (
				7B94287507B3A6759681E230 /* Pods_tvos.framework in Frameworks */,
			);
			runOnlyForDeploymentPostprocessing = 0;
		};
/* End PBXFrameworksBuildPhase section */

/* Begin PBXGroup section */
		663D81D725A782C8009AD901 /* StreamViewController */ = {
			isa = PBXGroup;
			children = (
				66865D5D25BFFEBE00DB5C3C /* PlayerController */,
				66E9A10E25A80D29005F5D9D /* ChatCell */,
				663D81D525A782C8009AD901 /* StreamViewerController.swift */,
				663D81D425A782C8009AD901 /* StreamViewerModel.swift */,
				663D81D625A782C8009AD901 /* StreamViewerController.storyboard */,
			);
			path = StreamViewController;
			sourceTree = "<group>";
		};
		663D81D825A782C8009AD901 /* Views */ = {
			isa = PBXGroup;
			children = (
				663D81FC25A78345009AD901 /* HomeViewController */,
				663D81D725A782C8009AD901 /* StreamViewController */,
				669CBBC325C0E82D0048EFF9 /* SettingsViewController */,
			);
			path = Views;
			sourceTree = "<group>";
		};
		663D81DB25A782C8009AD901 /* Bootstrap */ = {
			isa = PBXGroup;
			children = (
				663D81D925A782C8009AD901 /* BaseController.swift */,
				663D81DA25A782C8009AD901 /* BaseModel.swift */,
				66E6570B25BBD15A007CE809 /* TableViewExtension.swift */,
				66E19D9F25C3D99500A2AA9B /* Defaults.swift */,
			);
			path = Bootstrap;
			sourceTree = "<group>";
		};
		663D81DE25A782C8009AD901 /* Routing */ = {
			isa = PBXGroup;
			children = (
				663D81DD25A782C8009AD901 /* AppStep.swift */,
				663D81DC25A782C8009AD901 /* AppFlow.swift */,
			);
			path = Routing;
			sourceTree = "<group>";
		};
		663D81DF25A782C8009AD901 /* Core */ = {
			isa = PBXGroup;
			children = (
				66F2A4FA25ACE2ED00B271AA /* Services */,
				663D81DB25A782C8009AD901 /* Bootstrap */,
				663D81DE25A782C8009AD901 /* Routing */,
			);
			path = Core;
			sourceTree = "<group>";
		};
		663D81FC25A78345009AD901 /* HomeViewController */ = {
			isa = PBXGroup;
			children = (
				663D81FD25A78360009AD901 /* HomeViewController.swift */,
				66F2A52025ACF1BC00B271AA /* HomeModel.swift */,
				663D820525A78368009AD901 /* HomeViewController.storyboard */,
			);
			path = HomeViewController;
			sourceTree = "<group>";
		};
		66865D5D25BFFEBE00DB5C3C /* PlayerController */ = {
			isa = PBXGroup;
			children = (
				66865D5E25BFFEE700DB5C3C /* PlayerView.swift */,
			);
			path = PlayerController;
			sourceTree = "<group>";
		};
		66865D6625C003CF00DB5C3C /* Fonts */ = {
			isa = PBXGroup;
			children = (
				66865D6825C003E600DB5C3C /* Font Awesome 5 Brands-Regular-400.otf */,
				66865D6725C003E600DB5C3C /* Font Awesome 5 Duotone-Solid-900.otf */,
				66865D6A25C003E600DB5C3C /* Font Awesome 5 Pro-Light-300.otf */,
				66865D6925C003E600DB5C3C /* Font Awesome 5 Pro-Regular-400.otf */,
				66865D6B25C003E600DB5C3C /* Font Awesome 5 Pro-Solid-900.otf */,
			);
			name = Fonts;
			sourceTree = "<group>";
		};
		669CBBC325C0E82D0048EFF9 /* SettingsViewController */ = {
			isa = PBXGroup;
			children = (
				669CBBC425C0E83C0048EFF9 /* SettingsViewController.swift */,
				669CBBCC25C0E8410048EFF9 /* SettingsViewModel.swift */,
				669CBBD125C0E84A0048EFF9 /* SettingsViewController.storyboard */,
			);
			path = SettingsViewController;
			sourceTree = "<group>";
		};
		66DE001E25A70E6D0071D27B /* yt-translate */ = {
			isa = PBXGroup;
			children = (
				66DE001F25A70E6D0071D27B /* Media.xcassets */,
				66DE002125A70E6D0071D27B /* ActionViewController.swift */,
				66DE002625A70E6D0071D27B /* Info.plist */,
				66DE004225A7173A0071D27B /* MainInterface.storyboard */,
			);
			path = "yt-translate";
			sourceTree = "<group>";
		};
		66DEFF3125A6E23D0071D27B = {
			isa = PBXGroup;
			children = (
				66DEFF3E25A6E24A0071D27B /* ios */,
				66DEFF5725A6E2700071D27B /* tvos */,
				66DE001E25A70E6D0071D27B /* yt-translate */,
				66DEFF3D25A6E24A0071D27B /* Products */,
				90B0EABD1CC1C7363B61B9A9 /* Pods */,
				C2646AD60E30AA4AC66D221D /* Frameworks */,
			);
			sourceTree = "<group>";
		};
		66DEFF3D25A6E24A0071D27B /* Products */ = {
			isa = PBXGroup;
			children = (
				66DEFF3C25A6E24A0071D27B /* ios.app */,
				66DEFF5625A6E2700071D27B /* tvos.app */,
				66DE001D25A70E6D0071D27B /* yt-translate.appex */,
			);
			name = Products;
			sourceTree = "<group>";
		};
		66DEFF3E25A6E24A0071D27B /* ios */ = {
			isa = PBXGroup;
			children = (
				66DEFFD025A70AEB0071D27B /* ios.entitlements */,
				66DEFF3F25A6E24A0071D27B /* AppDelegate.swift */,
				663D81DF25A782C8009AD901 /* Core */,
				663D81D825A782C8009AD901 /* Views */,
				66DEFF7825A6E5210071D27B /* Resources */,
			);
			path = ios;
			sourceTree = "<group>";
		};
		66DEFF5725A6E2700071D27B /* tvos */ = {
			isa = PBXGroup;
			children = (
				66DEFF5825A6E2700071D27B /* AppDelegate.swift */,
				66DEFF5A25A6E2700071D27B /* ViewController.swift */,
				66DEFF5C25A6E2700071D27B /* Main.storyboard */,
				66DEFF5F25A6E2710071D27B /* Assets.xcassets */,
				66DEFF6125A6E2710071D27B /* LaunchScreen.storyboard */,
				66DEFF6425A6E2710071D27B /* Info.plist */,
			);
			path = tvos;
			sourceTree = "<group>";
		};
		66DEFF7825A6E5210071D27B /* Resources */ = {
			isa = PBXGroup;
			children = (
				66865D6625C003CF00DB5C3C /* Fonts */,
				66DEFF4825A6E24B0071D27B /* Assets.xcassets */,
				66DEFF4A25A6E24B0071D27B /* LaunchScreen.storyboard */,
				665A973D25AA3B250032F8E7 /* client_626233357823-qpb2o7vroh74h3uf9vs27dtsmfnaj2j2.apps.googleusercontent.com.plist */,
				66DEFF4D25A6E24B0071D27B /* Info.plist */,
				6672687C25B20B1B00C5AC95 /* WindowInjector.js */,
			);
			name = Resources;
			sourceTree = "<group>";
		};
		66E656C425BA95AC007CE809 /* Models */ = {
			isa = PBXGroup;
			children = (
				66E656D025BA95F9007CE809 /* YTInjectedMessage.swift */,
				66E19D8825C3D7BE00A2AA9B /* TranslatedLanguageTag.swift */,
			);
			path = Models;
			sourceTree = "<group>";
		};
		66E9A10E25A80D29005F5D9D /* ChatCell */ = {
			isa = PBXGroup;
			children = (
				66E6571025BBDC56007CE809 /* ChatTextCell.swift */,
				66E6571125BBDC56007CE809 /* ChatTextCell.xib */,
			);
			path = ChatCell;
			sourceTree = "<group>";
		};
		66F2A4FA25ACE2ED00B271AA /* Services */ = {
			isa = PBXGroup;
			children = (
				66E656C425BA95AC007CE809 /* Models */,
				66F2A50325ACE79000B271AA /* AppServices.swift */,
				66F2A4FB25ACE41E00B271AA /* AuthService.swift */,
			);
			path = Services;
			sourceTree = "<group>";
		};
		90B0EABD1CC1C7363B61B9A9 /* Pods */ = {
			isa = PBXGroup;
			children = (
				7A4B8DCDE15CABCE97E4F309 /* Pods-ios.debug.xcconfig */,
				EF3726D741603E507E9CCAF4 /* Pods-ios.release.xcconfig */,
				F86324A85769A169EC5E4D5A /* Pods-tvos.debug.xcconfig */,
				4C6604F29AA6485839C57364 /* Pods-tvos.release.xcconfig */,
			);
			path = Pods;
			sourceTree = "<group>";
		};
		C2646AD60E30AA4AC66D221D /* Frameworks */ = {
			isa = PBXGroup;
			children = (
				E2905CBAD8592DABE992D356 /* Pods_ios.framework */,
				880D8B890B7BCF386DA2249D /* Pods_tvos.framework */,
			);
			name = Frameworks;
			sourceTree = "<group>";
		};
/* End PBXGroup section */

/* Begin PBXNativeTarget section */
		66DE001C25A70E6D0071D27B /* yt-translate */ = {
			isa = PBXNativeTarget;
			buildConfigurationList = 66DE002A25A70E6D0071D27B /* Build configuration list for PBXNativeTarget "yt-translate" */;
			buildPhases = (
				66DE001925A70E6D0071D27B /* Sources */,
				66DE001A25A70E6D0071D27B /* Frameworks */,
				66DE001B25A70E6D0071D27B /* Resources */,
			);
			buildRules = (
			);
			dependencies = (
			);
			name = "yt-translate";
			productName = "yt-translate";
			productReference = 66DE001D25A70E6D0071D27B /* yt-translate.appex */;
			productType = "com.apple.product-type.app-extension";
		};
		66DEFF3B25A6E24A0071D27B /* ios */ = {
			isa = PBXNativeTarget;
			buildConfigurationList = 66DEFF4E25A6E24B0071D27B /* Build configuration list for PBXNativeTarget "ios" */;
			buildPhases = (
				3CBA359AF8F4F79256058A8E /* [CP] Check Pods Manifest.lock */,
				66DEFF3825A6E24A0071D27B /* Sources */,
				66DEFF3925A6E24A0071D27B /* Frameworks */,
				66DEFF3A25A6E24A0071D27B /* Resources */,
				FED79F76915E5B5C0764656A /* [CP] Embed Pods Frameworks */,
				66DEFFC025A706310071D27B /* Embed App Extensions */,
			);
			buildRules = (
			);
			dependencies = (
				66DE002825A70E6D0071D27B /* PBXTargetDependency */,
			);
			name = ios;
			productName = ios;
			productReference = 66DEFF3C25A6E24A0071D27B /* ios.app */;
			productType = "com.apple.product-type.application";
		};
		66DEFF5525A6E2700071D27B /* tvos */ = {
			isa = PBXNativeTarget;
			buildConfigurationList = 66DEFF6525A6E2710071D27B /* Build configuration list for PBXNativeTarget "tvos" */;
			buildPhases = (
				E0AD05B65D438826811F7C3B /* [CP] Check Pods Manifest.lock */,
				66DEFF5225A6E2700071D27B /* Sources */,
				66DEFF5325A6E2700071D27B /* Frameworks */,
				66DEFF5425A6E2700071D27B /* Resources */,
			);
			buildRules = (
			);
			dependencies = (
			);
			name = tvos;
			productName = tvos;
			productReference = 66DEFF5625A6E2700071D27B /* tvos.app */;
			productType = "com.apple.product-type.application";
		};
/* End PBXNativeTarget section */

/* Begin PBXProject section */
		66DEFF3225A6E23D0071D27B /* Project object */ = {
			isa = PBXProject;
			attributes = {
				LastSwiftUpdateCheck = 1230;
				LastUpgradeCheck = 1230;
				TargetAttributes = {
					66DE001C25A70E6D0071D27B = {
						CreatedOnToolsVersion = 12.3;
					};
					66DEFF3B25A6E24A0071D27B = {
						CreatedOnToolsVersion = 12.3;
					};
					66DEFF5525A6E2700071D27B = {
						CreatedOnToolsVersion = 12.3;
					};
				};
			};
			buildConfigurationList = 66DEFF3525A6E23D0071D27B /* Build configuration list for PBXProject "livetl-ios" */;
			compatibilityVersion = "Xcode 9.3";
			developmentRegion = en;
			hasScannedForEncodings = 0;
			knownRegions = (
				en,
				Base,
			);
			mainGroup = 66DEFF3125A6E23D0071D27B;
			productRefGroup = 66DEFF3D25A6E24A0071D27B /* Products */;
			projectDirPath = "";
			projectRoot = "";
			targets = (
				66DEFF3B25A6E24A0071D27B /* ios */,
				66DEFF5525A6E2700071D27B /* tvos */,
				66DE001C25A70E6D0071D27B /* yt-translate */,
			);
		};
/* End PBXProject section */

/* Begin PBXResourcesBuildPhase section */
		66DE001B25A70E6D0071D27B /* Resources */ = {
			isa = PBXResourcesBuildPhase;
			buildActionMask = 2147483647;
			files = (
				66E6578625BE3EF3007CE809 /* Assets.xcassets in Resources */,
				66DE004325A7173A0071D27B /* MainInterface.storyboard in Resources */,
			);
			runOnlyForDeploymentPostprocessing = 0;
		};
		66DEFF3A25A6E24A0071D27B /* Resources */ = {
			isa = PBXResourcesBuildPhase;
			buildActionMask = 2147483647;
			files = (
				66DEFF4C25A6E24B0071D27B /* LaunchScreen.storyboard in Resources */,
				66DEFF4925A6E24B0071D27B /* Assets.xcassets in Resources */,
				66865D7025C003E600DB5C3C /* Font Awesome 5 Pro-Solid-900.otf in Resources */,
				665A973E25AA3B250032F8E7 /* client_626233357823-qpb2o7vroh74h3uf9vs27dtsmfnaj2j2.apps.googleusercontent.com.plist in Resources */,
				663D821625A7855A009AD901 /* StreamViewerController.storyboard in Resources */,
				66865D6C25C003E600DB5C3C /* Font Awesome 5 Duotone-Solid-900.otf in Resources */,
				663D820625A78368009AD901 /* HomeViewController.storyboard in Resources */,
				66E6571325BBDC56007CE809 /* ChatTextCell.xib in Resources */,
				66865D6D25C003E600DB5C3C /* Font Awesome 5 Brands-Regular-400.otf in Resources */,
				6672687D25B20B1B00C5AC95 /* WindowInjector.js in Resources */,
				669CBBD225C0E84A0048EFF9 /* SettingsViewController.storyboard in Resources */,
				66865D6E25C003E600DB5C3C /* Font Awesome 5 Pro-Regular-400.otf in Resources */,
				66865D6F25C003E600DB5C3C /* Font Awesome 5 Pro-Light-300.otf in Resources */,
			);
			runOnlyForDeploymentPostprocessing = 0;
		};
		66DEFF5425A6E2700071D27B /* Resources */ = {
			isa = PBXResourcesBuildPhase;
			buildActionMask = 2147483647;
			files = (
				66DEFF6325A6E2710071D27B /* LaunchScreen.storyboard in Resources */,
				66DEFF6025A6E2710071D27B /* Assets.xcassets in Resources */,
				66DEFF5E25A6E2700071D27B /* Main.storyboard in Resources */,
			);
			runOnlyForDeploymentPostprocessing = 0;
		};
/* End PBXResourcesBuildPhase section */

/* Begin PBXShellScriptBuildPhase section */
		3CBA359AF8F4F79256058A8E /* [CP] Check Pods Manifest.lock */ = {
			isa = PBXShellScriptBuildPhase;
			buildActionMask = 2147483647;
			files = (
			);
			inputFileListPaths = (
			);
			inputPaths = (
				"${PODS_PODFILE_DIR_PATH}/Podfile.lock",
				"${PODS_ROOT}/Manifest.lock",
			);
			name = "[CP] Check Pods Manifest.lock";
			outputFileListPaths = (
			);
			outputPaths = (
				"$(DERIVED_FILE_DIR)/Pods-ios-checkManifestLockResult.txt",
			);
			runOnlyForDeploymentPostprocessing = 0;
			shellPath = /bin/sh;
			shellScript = "diff \"${PODS_PODFILE_DIR_PATH}/Podfile.lock\" \"${PODS_ROOT}/Manifest.lock\" > /dev/null\nif [ $? != 0 ] ; then\n    # print error to STDERR\n    echo \"error: The sandbox is not in sync with the Podfile.lock. Run 'pod install' or update your CocoaPods installation.\" >&2\n    exit 1\nfi\n# This output is used by Xcode 'outputs' to avoid re-running this script phase.\necho \"SUCCESS\" > \"${SCRIPT_OUTPUT_FILE_0}\"\n";
			showEnvVarsInLog = 0;
		};
		E0AD05B65D438826811F7C3B /* [CP] Check Pods Manifest.lock */ = {
			isa = PBXShellScriptBuildPhase;
			buildActionMask = 2147483647;
			files = (
			);
			inputFileListPaths = (
			);
			inputPaths = (
				"${PODS_PODFILE_DIR_PATH}/Podfile.lock",
				"${PODS_ROOT}/Manifest.lock",
			);
			name = "[CP] Check Pods Manifest.lock";
			outputFileListPaths = (
			);
			outputPaths = (
				"$(DERIVED_FILE_DIR)/Pods-tvos-checkManifestLockResult.txt",
			);
			runOnlyForDeploymentPostprocessing = 0;
			shellPath = /bin/sh;
			shellScript = "diff \"${PODS_PODFILE_DIR_PATH}/Podfile.lock\" \"${PODS_ROOT}/Manifest.lock\" > /dev/null\nif [ $? != 0 ] ; then\n    # print error to STDERR\n    echo \"error: The sandbox is not in sync with the Podfile.lock. Run 'pod install' or update your CocoaPods installation.\" >&2\n    exit 1\nfi\n# This output is used by Xcode 'outputs' to avoid re-running this script phase.\necho \"SUCCESS\" > \"${SCRIPT_OUTPUT_FILE_0}\"\n";
			showEnvVarsInLog = 0;
		};
		FED79F76915E5B5C0764656A /* [CP] Embed Pods Frameworks */ = {
			isa = PBXShellScriptBuildPhase;
			buildActionMask = 2147483647;
			files = (
			);
			inputFileListPaths = (
				"${PODS_ROOT}/Target Support Files/Pods-ios/Pods-ios-frameworks-${CONFIGURATION}-input-files.xcfilelist",
			);
			name = "[CP] Embed Pods Frameworks";
			outputFileListPaths = (
				"${PODS_ROOT}/Target Support Files/Pods-ios/Pods-ios-frameworks-${CONFIGURATION}-output-files.xcfilelist",
			);
			runOnlyForDeploymentPostprocessing = 0;
			shellPath = /bin/sh;
			shellScript = "\"${PODS_ROOT}/Target Support Files/Pods-ios/Pods-ios-frameworks.sh\"\n";
			showEnvVarsInLog = 0;
		};
/* End PBXShellScriptBuildPhase section */

/* Begin PBXSourcesBuildPhase section */
		66DE001925A70E6D0071D27B /* Sources */ = {
			isa = PBXSourcesBuildPhase;
			buildActionMask = 2147483647;
			files = (
				66DE002225A70E6D0071D27B /* ActionViewController.swift in Sources */,
			);
			runOnlyForDeploymentPostprocessing = 0;
		};
		66DEFF3825A6E24A0071D27B /* Sources */ = {
			isa = PBXSourcesBuildPhase;
			buildActionMask = 2147483647;
			files = (
				66DEFF4025A6E24A0071D27B /* AppDelegate.swift in Sources */,
				66865D5F25BFFEE800DB5C3C /* PlayerView.swift in Sources */,
				66E19D8925C3D7BE00A2AA9B /* TranslatedLanguageTag.swift in Sources */,
				663D81F725A782EA009AD901 /* StreamViewerController.swift in Sources */,
				66E6571225BBDC56007CE809 /* ChatTextCell.swift in Sources */,
				663D81EF25A782DF009AD901 /* AppStep.swift in Sources */,
				663D81E025A782D4009AD901 /* BaseController.swift in Sources */,
				66F2A4FC25ACE41E00B271AA /* AuthService.swift in Sources */,
				663D81E725A782D9009AD901 /* BaseModel.swift in Sources */,
				66F2A52125ACF1BC00B271AA /* HomeModel.swift in Sources */,
				66E19DA025C3D99500A2AA9B /* Defaults.swift in Sources */,
				663D81FE25A78360009AD901 /* HomeViewController.swift in Sources */,
				66E6570C25BBD15A007CE809 /* TableViewExtension.swift in Sources */,
				663D81EB25A782DC009AD901 /* AppFlow.swift in Sources */,
				669CBBC525C0E83C0048EFF9 /* SettingsViewController.swift in Sources */,
				66E656D125BA95F9007CE809 /* YTInjectedMessage.swift in Sources */,
				66F2A50425ACE79000B271AA /* AppServices.swift in Sources */,
				663D81F325A782E4009AD901 /* StreamViewerModel.swift in Sources */,
				669CBBCD25C0E8410048EFF9 /* SettingsViewModel.swift in Sources */,
			);
			runOnlyForDeploymentPostprocessing = 0;
		};
		66DEFF5225A6E2700071D27B /* Sources */ = {
			isa = PBXSourcesBuildPhase;
			buildActionMask = 2147483647;
			files = (
				66DEFF5B25A6E2700071D27B /* ViewController.swift in Sources */,
				66DEFF5925A6E2700071D27B /* AppDelegate.swift in Sources */,
			);
			runOnlyForDeploymentPostprocessing = 0;
		};
/* End PBXSourcesBuildPhase section */

/* Begin PBXTargetDependency section */
		66DE002825A70E6D0071D27B /* PBXTargetDependency */ = {
			isa = PBXTargetDependency;
			target = 66DE001C25A70E6D0071D27B /* yt-translate */;
			targetProxy = 66DE002725A70E6D0071D27B /* PBXContainerItemProxy */;
		};
/* End PBXTargetDependency section */

/* Begin PBXVariantGroup section */
		66DEFF4A25A6E24B0071D27B /* LaunchScreen.storyboard */ = {
			isa = PBXVariantGroup;
			children = (
				66DEFF4B25A6E24B0071D27B /* Base */,
			);
			name = LaunchScreen.storyboard;
			sourceTree = "<group>";
		};
		66DEFF5C25A6E2700071D27B /* Main.storyboard */ = {
			isa = PBXVariantGroup;
			children = (
				66DEFF5D25A6E2700071D27B /* Base */,
			);
			name = Main.storyboard;
			sourceTree = "<group>";
		};
		66DEFF6125A6E2710071D27B /* LaunchScreen.storyboard */ = {
			isa = PBXVariantGroup;
			children = (
				66DEFF6225A6E2710071D27B /* Base */,
			);
			name = LaunchScreen.storyboard;
			sourceTree = "<group>";
		};
/* End PBXVariantGroup section */

/* Begin XCBuildConfiguration section */
		66DE002B25A70E6D0071D27B /* Debug */ = {
			isa = XCBuildConfiguration;
			buildSettings = {
				ALWAYS_SEARCH_USER_PATHS = NO;
				APPLICATION_EXTENSION_API_ONLY = NO;
				ASSETCATALOG_COMPILER_APPICON_NAME = AppIcon;
				CLANG_ANALYZER_NONNULL = YES;
				CLANG_ANALYZER_NUMBER_OBJECT_CONVERSION = YES_AGGRESSIVE;
				CLANG_CXX_LANGUAGE_STANDARD = "gnu++14";
				CLANG_CXX_LIBRARY = "libc++";
				CLANG_ENABLE_MODULES = YES;
				CLANG_ENABLE_OBJC_ARC = YES;
				CLANG_ENABLE_OBJC_WEAK = YES;
				CLANG_WARN_BLOCK_CAPTURE_AUTORELEASING = YES;
				CLANG_WARN_BOOL_CONVERSION = YES;
				CLANG_WARN_COMMA = YES;
				CLANG_WARN_CONSTANT_CONVERSION = YES;
				CLANG_WARN_DEPRECATED_OBJC_IMPLEMENTATIONS = YES;
				CLANG_WARN_DIRECT_OBJC_ISA_USAGE = YES_ERROR;
				CLANG_WARN_DOCUMENTATION_COMMENTS = YES;
				CLANG_WARN_EMPTY_BODY = YES;
				CLANG_WARN_ENUM_CONVERSION = YES;
				CLANG_WARN_INFINITE_RECURSION = YES;
				CLANG_WARN_INT_CONVERSION = YES;
				CLANG_WARN_NON_LITERAL_NULL_CONVERSION = YES;
				CLANG_WARN_OBJC_IMPLICIT_RETAIN_SELF = YES;
				CLANG_WARN_OBJC_LITERAL_CONVERSION = YES;
				CLANG_WARN_OBJC_ROOT_CLASS = YES_ERROR;
				CLANG_WARN_QUOTED_INCLUDE_IN_FRAMEWORK_HEADER = YES;
				CLANG_WARN_RANGE_LOOP_ANALYSIS = YES;
				CLANG_WARN_STRICT_PROTOTYPES = YES;
				CLANG_WARN_SUSPICIOUS_MOVE = YES;
				CLANG_WARN_UNGUARDED_AVAILABILITY = YES_AGGRESSIVE;
				CLANG_WARN_UNREACHABLE_CODE = YES;
				CLANG_WARN__DUPLICATE_METHOD_MATCH = YES;
				CODE_SIGN_IDENTITY = "Apple Development";
				CODE_SIGN_STYLE = Automatic;
				COPY_PHASE_STRIP = NO;
				CURRENT_PROJECT_VERSION = 3;
				DEBUG_INFORMATION_FORMAT = dwarf;
				DEVELOPMENT_ASSET_PATHS = "";
				DEVELOPMENT_TEAM = 6S4L29QT59;
				ENABLE_STRICT_OBJC_MSGSEND = YES;
				ENABLE_TESTABILITY = YES;
				GCC_C_LANGUAGE_STANDARD = gnu11;
				GCC_DYNAMIC_NO_PIC = NO;
				GCC_NO_COMMON_BLOCKS = YES;
				GCC_OPTIMIZATION_LEVEL = 0;
				GCC_PREPROCESSOR_DEFINITIONS = (
					"DEBUG=1",
					"$(inherited)",
				);
				GCC_WARN_64_TO_32_BIT_CONVERSION = YES;
				GCC_WARN_ABOUT_RETURN_TYPE = YES_ERROR;
				GCC_WARN_UNDECLARED_SELECTOR = YES;
				GCC_WARN_UNINITIALIZED_AUTOS = YES_AGGRESSIVE;
				GCC_WARN_UNUSED_FUNCTION = YES;
				GCC_WARN_UNUSED_VARIABLE = YES;
				INFOPLIST_FILE = "yt-translate/Info.plist";
				IPHONEOS_DEPLOYMENT_TARGET = 13.0;
				LD_RUNPATH_SEARCH_PATHS = (
					"$(inherited)",
					"@executable_path/Frameworks",
					"@executable_path/../../Frameworks",
				);
				MARKETING_VERSION = 0.1.3;
				MTL_ENABLE_DEBUG_INFO = INCLUDE_SOURCE;
				MTL_FAST_MATH = YES;
				ONLY_ACTIVE_ARCH = YES;
				PRODUCT_BUNDLE_IDENTIFIER = "app.livetl.ios.yt-translate-extension";
				PRODUCT_NAME = "$(TARGET_NAME)";
				PROVISIONING_PROFILE_SPECIFIER = "";
				SDKROOT = iphoneos;
				SKIP_INSTALL = YES;
				SWIFT_ACTIVE_COMPILATION_CONDITIONS = DEBUG;
				SWIFT_OPTIMIZATION_LEVEL = "-Onone";
				SWIFT_VERSION = 5.0;
				TARGETED_DEVICE_FAMILY = 1;
			};
			name = Debug;
		};
		66DE002C25A70E6D0071D27B /* Release */ = {
			isa = XCBuildConfiguration;
			buildSettings = {
				ALWAYS_SEARCH_USER_PATHS = NO;
				APPLICATION_EXTENSION_API_ONLY = NO;
				ASSETCATALOG_COMPILER_APPICON_NAME = AppIcon;
				CLANG_ANALYZER_NONNULL = YES;
				CLANG_ANALYZER_NUMBER_OBJECT_CONVERSION = YES_AGGRESSIVE;
				CLANG_CXX_LANGUAGE_STANDARD = "gnu++14";
				CLANG_CXX_LIBRARY = "libc++";
				CLANG_ENABLE_MODULES = YES;
				CLANG_ENABLE_OBJC_ARC = YES;
				CLANG_ENABLE_OBJC_WEAK = YES;
				CLANG_WARN_BLOCK_CAPTURE_AUTORELEASING = YES;
				CLANG_WARN_BOOL_CONVERSION = YES;
				CLANG_WARN_COMMA = YES;
				CLANG_WARN_CONSTANT_CONVERSION = YES;
				CLANG_WARN_DEPRECATED_OBJC_IMPLEMENTATIONS = YES;
				CLANG_WARN_DIRECT_OBJC_ISA_USAGE = YES_ERROR;
				CLANG_WARN_DOCUMENTATION_COMMENTS = YES;
				CLANG_WARN_EMPTY_BODY = YES;
				CLANG_WARN_ENUM_CONVERSION = YES;
				CLANG_WARN_INFINITE_RECURSION = YES;
				CLANG_WARN_INT_CONVERSION = YES;
				CLANG_WARN_NON_LITERAL_NULL_CONVERSION = YES;
				CLANG_WARN_OBJC_IMPLICIT_RETAIN_SELF = YES;
				CLANG_WARN_OBJC_LITERAL_CONVERSION = YES;
				CLANG_WARN_OBJC_ROOT_CLASS = YES_ERROR;
				CLANG_WARN_QUOTED_INCLUDE_IN_FRAMEWORK_HEADER = YES;
				CLANG_WARN_RANGE_LOOP_ANALYSIS = YES;
				CLANG_WARN_STRICT_PROTOTYPES = YES;
				CLANG_WARN_SUSPICIOUS_MOVE = YES;
				CLANG_WARN_UNGUARDED_AVAILABILITY = YES_AGGRESSIVE;
				CLANG_WARN_UNREACHABLE_CODE = YES;
				CLANG_WARN__DUPLICATE_METHOD_MATCH = YES;
				CODE_SIGN_IDENTITY = "Apple Development";
				CODE_SIGN_STYLE = Automatic;
				COPY_PHASE_STRIP = NO;
				CURRENT_PROJECT_VERSION = 3;
				DEBUG_INFORMATION_FORMAT = "dwarf-with-dsym";
				DEVELOPMENT_ASSET_PATHS = "";
				DEVELOPMENT_TEAM = 6S4L29QT59;
				ENABLE_NS_ASSERTIONS = NO;
				ENABLE_STRICT_OBJC_MSGSEND = YES;
				GCC_C_LANGUAGE_STANDARD = gnu11;
				GCC_NO_COMMON_BLOCKS = YES;
				GCC_WARN_64_TO_32_BIT_CONVERSION = YES;
				GCC_WARN_ABOUT_RETURN_TYPE = YES_ERROR;
				GCC_WARN_UNDECLARED_SELECTOR = YES;
				GCC_WARN_UNINITIALIZED_AUTOS = YES_AGGRESSIVE;
				GCC_WARN_UNUSED_FUNCTION = YES;
				GCC_WARN_UNUSED_VARIABLE = YES;
				INFOPLIST_FILE = "yt-translate/Info.plist";
				IPHONEOS_DEPLOYMENT_TARGET = 13.0;
				LD_RUNPATH_SEARCH_PATHS = (
					"$(inherited)",
					"@executable_path/Frameworks",
					"@executable_path/../../Frameworks",
				);
				MARKETING_VERSION = 0.1.3;
				MTL_ENABLE_DEBUG_INFO = NO;
				MTL_FAST_MATH = YES;
				PRODUCT_BUNDLE_IDENTIFIER = "app.livetl.ios.yt-translate-extension";
				PRODUCT_NAME = "$(TARGET_NAME)";
				PROVISIONING_PROFILE_SPECIFIER = "";
				SDKROOT = iphoneos;
				SKIP_INSTALL = YES;
				SWIFT_COMPILATION_MODE = wholemodule;
				SWIFT_OPTIMIZATION_LEVEL = "-O";
				SWIFT_VERSION = 5.0;
				TARGETED_DEVICE_FAMILY = 1;
				VALIDATE_PRODUCT = YES;
			};
			name = Release;
		};
		66DEFF3625A6E23D0071D27B /* Debug */ = {
			isa = XCBuildConfiguration;
			buildSettings = {
			};
			name = Debug;
		};
		66DEFF3725A6E23D0071D27B /* Release */ = {
			isa = XCBuildConfiguration;
			buildSettings = {
			};
			name = Release;
		};
		66DEFF4F25A6E24B0071D27B /* Debug */ = {
			isa = XCBuildConfiguration;
			baseConfigurationReference = 7A4B8DCDE15CABCE97E4F309 /* Pods-ios.debug.xcconfig */;
			buildSettings = {
				ALWAYS_EMBED_SWIFT_STANDARD_LIBRARIES = YES;
				ALWAYS_SEARCH_USER_PATHS = NO;
				ASSETCATALOG_COMPILER_APPICON_NAME = AppIcon;
				ASSETCATALOG_COMPILER_GLOBAL_ACCENT_COLOR_NAME = AccentColor;
				CLANG_ANALYZER_NONNULL = YES;
				CLANG_ANALYZER_NUMBER_OBJECT_CONVERSION = YES_AGGRESSIVE;
				CLANG_CXX_LANGUAGE_STANDARD = "gnu++14";
				CLANG_CXX_LIBRARY = "libc++";
				CLANG_ENABLE_MODULES = YES;
				CLANG_ENABLE_OBJC_ARC = YES;
				CLANG_ENABLE_OBJC_WEAK = YES;
				CLANG_WARN_BLOCK_CAPTURE_AUTORELEASING = YES;
				CLANG_WARN_BOOL_CONVERSION = YES;
				CLANG_WARN_COMMA = YES;
				CLANG_WARN_CONSTANT_CONVERSION = YES;
				CLANG_WARN_DEPRECATED_OBJC_IMPLEMENTATIONS = YES;
				CLANG_WARN_DIRECT_OBJC_ISA_USAGE = YES_ERROR;
				CLANG_WARN_DOCUMENTATION_COMMENTS = YES;
				CLANG_WARN_EMPTY_BODY = YES;
				CLANG_WARN_ENUM_CONVERSION = YES;
				CLANG_WARN_INFINITE_RECURSION = YES;
				CLANG_WARN_INT_CONVERSION = YES;
				CLANG_WARN_NON_LITERAL_NULL_CONVERSION = YES;
				CLANG_WARN_OBJC_IMPLICIT_RETAIN_SELF = YES;
				CLANG_WARN_OBJC_LITERAL_CONVERSION = YES;
				CLANG_WARN_OBJC_ROOT_CLASS = YES_ERROR;
				CLANG_WARN_QUOTED_INCLUDE_IN_FRAMEWORK_HEADER = YES;
				CLANG_WARN_RANGE_LOOP_ANALYSIS = YES;
				CLANG_WARN_STRICT_PROTOTYPES = YES;
				CLANG_WARN_SUSPICIOUS_MOVE = YES;
				CLANG_WARN_UNGUARDED_AVAILABILITY = YES_AGGRESSIVE;
				CLANG_WARN_UNREACHABLE_CODE = YES;
				CLANG_WARN__DUPLICATE_METHOD_MATCH = YES;
				CODE_SIGN_ENTITLEMENTS = ios/ios.entitlements;
				CODE_SIGN_STYLE = Automatic;
				COPY_PHASE_STRIP = NO;
				CURRENT_PROJECT_VERSION = 3;
				DEBUG_INFORMATION_FORMAT = dwarf;
				DEVELOPMENT_TEAM = 6S4L29QT59;
				ENABLE_STRICT_OBJC_MSGSEND = YES;
				ENABLE_TESTABILITY = YES;
				GCC_C_LANGUAGE_STANDARD = gnu11;
				GCC_DYNAMIC_NO_PIC = NO;
				GCC_NO_COMMON_BLOCKS = YES;
				GCC_OPTIMIZATION_LEVEL = 0;
				GCC_PREPROCESSOR_DEFINITIONS = (
					"DEBUG=1",
					"$(inherited)",
				);
				GCC_WARN_64_TO_32_BIT_CONVERSION = YES;
				GCC_WARN_ABOUT_RETURN_TYPE = YES_ERROR;
				GCC_WARN_UNDECLARED_SELECTOR = YES;
				GCC_WARN_UNINITIALIZED_AUTOS = YES_AGGRESSIVE;
				GCC_WARN_UNUSED_FUNCTION = YES;
				GCC_WARN_UNUSED_VARIABLE = YES;
				INFOPLIST_FILE = ios/Info.plist;
				IPHONEOS_DEPLOYMENT_TARGET = 13.0;
				LD_RUNPATH_SEARCH_PATHS = (
					"$(inherited)",
					"@executable_path/Frameworks",
				);
				MARKETING_VERSION = 0.1.3;
				MTL_ENABLE_DEBUG_INFO = INCLUDE_SOURCE;
				MTL_FAST_MATH = YES;
				ONLY_ACTIVE_ARCH = YES;
				PRODUCT_BUNDLE_IDENTIFIER = app.livetl.ios;
				PRODUCT_NAME = "$(TARGET_NAME)";
				SDKROOT = iphoneos;
				SWIFT_ACTIVE_COMPILATION_CONDITIONS = DEBUG;
				SWIFT_OPTIMIZATION_LEVEL = "-Onone";
				SWIFT_VERSION = 5.0;
				TARGETED_DEVICE_FAMILY = 1;
			};
			name = Debug;
		};
		66DEFF5025A6E24B0071D27B /* Release */ = {
			isa = XCBuildConfiguration;
			baseConfigurationReference = EF3726D741603E507E9CCAF4 /* Pods-ios.release.xcconfig */;
			buildSettings = {
				ALWAYS_EMBED_SWIFT_STANDARD_LIBRARIES = YES;
				ALWAYS_SEARCH_USER_PATHS = NO;
				ASSETCATALOG_COMPILER_APPICON_NAME = AppIcon;
				ASSETCATALOG_COMPILER_GLOBAL_ACCENT_COLOR_NAME = AccentColor;
				CLANG_ANALYZER_NONNULL = YES;
				CLANG_ANALYZER_NUMBER_OBJECT_CONVERSION = YES_AGGRESSIVE;
				CLANG_CXX_LANGUAGE_STANDARD = "gnu++14";
				CLANG_CXX_LIBRARY = "libc++";
				CLANG_ENABLE_MODULES = YES;
				CLANG_ENABLE_OBJC_ARC = YES;
				CLANG_ENABLE_OBJC_WEAK = YES;
				CLANG_WARN_BLOCK_CAPTURE_AUTORELEASING = YES;
				CLANG_WARN_BOOL_CONVERSION = YES;
				CLANG_WARN_COMMA = YES;
				CLANG_WARN_CONSTANT_CONVERSION = YES;
				CLANG_WARN_DEPRECATED_OBJC_IMPLEMENTATIONS = YES;
				CLANG_WARN_DIRECT_OBJC_ISA_USAGE = YES_ERROR;
				CLANG_WARN_DOCUMENTATION_COMMENTS = YES;
				CLANG_WARN_EMPTY_BODY = YES;
				CLANG_WARN_ENUM_CONVERSION = YES;
				CLANG_WARN_INFINITE_RECURSION = YES;
				CLANG_WARN_INT_CONVERSION = YES;
				CLANG_WARN_NON_LITERAL_NULL_CONVERSION = YES;
				CLANG_WARN_OBJC_IMPLICIT_RETAIN_SELF = YES;
				CLANG_WARN_OBJC_LITERAL_CONVERSION = YES;
				CLANG_WARN_OBJC_ROOT_CLASS = YES_ERROR;
				CLANG_WARN_QUOTED_INCLUDE_IN_FRAMEWORK_HEADER = YES;
				CLANG_WARN_RANGE_LOOP_ANALYSIS = YES;
				CLANG_WARN_STRICT_PROTOTYPES = YES;
				CLANG_WARN_SUSPICIOUS_MOVE = YES;
				CLANG_WARN_UNGUARDED_AVAILABILITY = YES_AGGRESSIVE;
				CLANG_WARN_UNREACHABLE_CODE = YES;
				CLANG_WARN__DUPLICATE_METHOD_MATCH = YES;
				CODE_SIGN_ENTITLEMENTS = ios/ios.entitlements;
				CODE_SIGN_STYLE = Automatic;
				COPY_PHASE_STRIP = NO;
				CURRENT_PROJECT_VERSION = 3;
				DEBUG_INFORMATION_FORMAT = "dwarf-with-dsym";
				DEVELOPMENT_TEAM = 6S4L29QT59;
				ENABLE_NS_ASSERTIONS = NO;
				ENABLE_STRICT_OBJC_MSGSEND = YES;
				GCC_C_LANGUAGE_STANDARD = gnu11;
				GCC_NO_COMMON_BLOCKS = YES;
				GCC_WARN_64_TO_32_BIT_CONVERSION = YES;
				GCC_WARN_ABOUT_RETURN_TYPE = YES_ERROR;
				GCC_WARN_UNDECLARED_SELECTOR = YES;
				GCC_WARN_UNINITIALIZED_AUTOS = YES_AGGRESSIVE;
				GCC_WARN_UNUSED_FUNCTION = YES;
				GCC_WARN_UNUSED_VARIABLE = YES;
				INFOPLIST_FILE = ios/Info.plist;
				IPHONEOS_DEPLOYMENT_TARGET = 13.0;
				LD_RUNPATH_SEARCH_PATHS = (
					"$(inherited)",
					"@executable_path/Frameworks",
				);
				MARKETING_VERSION = 0.1.3;
				MTL_ENABLE_DEBUG_INFO = NO;
				MTL_FAST_MATH = YES;
				PRODUCT_BUNDLE_IDENTIFIER = app.livetl.ios;
				PRODUCT_NAME = "$(TARGET_NAME)";
				SDKROOT = iphoneos;
				SWIFT_COMPILATION_MODE = wholemodule;
				SWIFT_OPTIMIZATION_LEVEL = "-O";
				SWIFT_VERSION = 5.0;
				TARGETED_DEVICE_FAMILY = 1;
				VALIDATE_PRODUCT = YES;
			};
			name = Release;
		};
		66DEFF6625A6E2710071D27B /* Debug */ = {
			isa = XCBuildConfiguration;
			baseConfigurationReference = F86324A85769A169EC5E4D5A /* Pods-tvos.debug.xcconfig */;
			buildSettings = {
				ALWAYS_SEARCH_USER_PATHS = NO;
				ASSETCATALOG_COMPILER_APPICON_NAME = "App Icon & Top Shelf Image";
				ASSETCATALOG_COMPILER_GLOBAL_ACCENT_COLOR_NAME = AccentColor;
				CLANG_ANALYZER_NONNULL = YES;
				CLANG_ANALYZER_NUMBER_OBJECT_CONVERSION = YES_AGGRESSIVE;
				CLANG_CXX_LANGUAGE_STANDARD = "gnu++14";
				CLANG_CXX_LIBRARY = "libc++";
				CLANG_ENABLE_MODULES = YES;
				CLANG_ENABLE_OBJC_ARC = YES;
				CLANG_ENABLE_OBJC_WEAK = YES;
				CLANG_WARN_BLOCK_CAPTURE_AUTORELEASING = YES;
				CLANG_WARN_BOOL_CONVERSION = YES;
				CLANG_WARN_COMMA = YES;
				CLANG_WARN_CONSTANT_CONVERSION = YES;
				CLANG_WARN_DEPRECATED_OBJC_IMPLEMENTATIONS = YES;
				CLANG_WARN_DIRECT_OBJC_ISA_USAGE = YES_ERROR;
				CLANG_WARN_DOCUMENTATION_COMMENTS = YES;
				CLANG_WARN_EMPTY_BODY = YES;
				CLANG_WARN_ENUM_CONVERSION = YES;
				CLANG_WARN_INFINITE_RECURSION = YES;
				CLANG_WARN_INT_CONVERSION = YES;
				CLANG_WARN_NON_LITERAL_NULL_CONVERSION = YES;
				CLANG_WARN_OBJC_IMPLICIT_RETAIN_SELF = YES;
				CLANG_WARN_OBJC_LITERAL_CONVERSION = YES;
				CLANG_WARN_OBJC_ROOT_CLASS = YES_ERROR;
				CLANG_WARN_QUOTED_INCLUDE_IN_FRAMEWORK_HEADER = YES;
				CLANG_WARN_RANGE_LOOP_ANALYSIS = YES;
				CLANG_WARN_STRICT_PROTOTYPES = YES;
				CLANG_WARN_SUSPICIOUS_MOVE = YES;
				CLANG_WARN_UNGUARDED_AVAILABILITY = YES_AGGRESSIVE;
				CLANG_WARN_UNREACHABLE_CODE = YES;
				CLANG_WARN__DUPLICATE_METHOD_MATCH = YES;
				CODE_SIGN_STYLE = Automatic;
				COPY_PHASE_STRIP = NO;
				DEBUG_INFORMATION_FORMAT = dwarf;
				DEVELOPMENT_TEAM = 6S4L29QT59;
				ENABLE_STRICT_OBJC_MSGSEND = YES;
				ENABLE_TESTABILITY = YES;
				GCC_C_LANGUAGE_STANDARD = gnu11;
				GCC_DYNAMIC_NO_PIC = NO;
				GCC_NO_COMMON_BLOCKS = YES;
				GCC_OPTIMIZATION_LEVEL = 0;
				GCC_PREPROCESSOR_DEFINITIONS = (
					"DEBUG=1",
					"$(inherited)",
				);
				GCC_WARN_64_TO_32_BIT_CONVERSION = YES;
				GCC_WARN_ABOUT_RETURN_TYPE = YES_ERROR;
				GCC_WARN_UNDECLARED_SELECTOR = YES;
				GCC_WARN_UNINITIALIZED_AUTOS = YES_AGGRESSIVE;
				GCC_WARN_UNUSED_FUNCTION = YES;
				GCC_WARN_UNUSED_VARIABLE = YES;
				INFOPLIST_FILE = tvos/Info.plist;
				LD_RUNPATH_SEARCH_PATHS = (
					"$(inherited)",
					"@executable_path/Frameworks",
				);
				MTL_ENABLE_DEBUG_INFO = INCLUDE_SOURCE;
				MTL_FAST_MATH = YES;
				ONLY_ACTIVE_ARCH = YES;
				PRODUCT_BUNDLE_IDENTIFIER = app.livetl.tvos;
				PRODUCT_NAME = "$(TARGET_NAME)";
				SDKROOT = appletvos;
				SWIFT_ACTIVE_COMPILATION_CONDITIONS = DEBUG;
				SWIFT_OPTIMIZATION_LEVEL = "-Onone";
				SWIFT_VERSION = 5.0;
				TARGETED_DEVICE_FAMILY = 3;
				TVOS_DEPLOYMENT_TARGET = 14.3;
			};
			name = Debug;
		};
		66DEFF6725A6E2710071D27B /* Release */ = {
			isa = XCBuildConfiguration;
			baseConfigurationReference = 4C6604F29AA6485839C57364 /* Pods-tvos.release.xcconfig */;
			buildSettings = {
				ALWAYS_SEARCH_USER_PATHS = NO;
				ASSETCATALOG_COMPILER_APPICON_NAME = "App Icon & Top Shelf Image";
				ASSETCATALOG_COMPILER_GLOBAL_ACCENT_COLOR_NAME = AccentColor;
				CLANG_ANALYZER_NONNULL = YES;
				CLANG_ANALYZER_NUMBER_OBJECT_CONVERSION = YES_AGGRESSIVE;
				CLANG_CXX_LANGUAGE_STANDARD = "gnu++14";
				CLANG_CXX_LIBRARY = "libc++";
				CLANG_ENABLE_MODULES = YES;
				CLANG_ENABLE_OBJC_ARC = YES;
				CLANG_ENABLE_OBJC_WEAK = YES;
				CLANG_WARN_BLOCK_CAPTURE_AUTORELEASING = YES;
				CLANG_WARN_BOOL_CONVERSION = YES;
				CLANG_WARN_COMMA = YES;
				CLANG_WARN_CONSTANT_CONVERSION = YES;
				CLANG_WARN_DEPRECATED_OBJC_IMPLEMENTATIONS = YES;
				CLANG_WARN_DIRECT_OBJC_ISA_USAGE = YES_ERROR;
				CLANG_WARN_DOCUMENTATION_COMMENTS = YES;
				CLANG_WARN_EMPTY_BODY = YES;
				CLANG_WARN_ENUM_CONVERSION = YES;
				CLANG_WARN_INFINITE_RECURSION = YES;
				CLANG_WARN_INT_CONVERSION = YES;
				CLANG_WARN_NON_LITERAL_NULL_CONVERSION = YES;
				CLANG_WARN_OBJC_IMPLICIT_RETAIN_SELF = YES;
				CLANG_WARN_OBJC_LITERAL_CONVERSION = YES;
				CLANG_WARN_OBJC_ROOT_CLASS = YES_ERROR;
				CLANG_WARN_QUOTED_INCLUDE_IN_FRAMEWORK_HEADER = YES;
				CLANG_WARN_RANGE_LOOP_ANALYSIS = YES;
				CLANG_WARN_STRICT_PROTOTYPES = YES;
				CLANG_WARN_SUSPICIOUS_MOVE = YES;
				CLANG_WARN_UNGUARDED_AVAILABILITY = YES_AGGRESSIVE;
				CLANG_WARN_UNREACHABLE_CODE = YES;
				CLANG_WARN__DUPLICATE_METHOD_MATCH = YES;
				CODE_SIGN_STYLE = Automatic;
				COPY_PHASE_STRIP = NO;
				DEBUG_INFORMATION_FORMAT = "dwarf-with-dsym";
				DEVELOPMENT_TEAM = 6S4L29QT59;
				ENABLE_NS_ASSERTIONS = NO;
				ENABLE_STRICT_OBJC_MSGSEND = YES;
				GCC_C_LANGUAGE_STANDARD = gnu11;
				GCC_NO_COMMON_BLOCKS = YES;
				GCC_WARN_64_TO_32_BIT_CONVERSION = YES;
				GCC_WARN_ABOUT_RETURN_TYPE = YES_ERROR;
				GCC_WARN_UNDECLARED_SELECTOR = YES;
				GCC_WARN_UNINITIALIZED_AUTOS = YES_AGGRESSIVE;
				GCC_WARN_UNUSED_FUNCTION = YES;
				GCC_WARN_UNUSED_VARIABLE = YES;
				INFOPLIST_FILE = tvos/Info.plist;
				LD_RUNPATH_SEARCH_PATHS = (
					"$(inherited)",
					"@executable_path/Frameworks",
				);
				MTL_ENABLE_DEBUG_INFO = NO;
				MTL_FAST_MATH = YES;
				PRODUCT_BUNDLE_IDENTIFIER = app.livetl.tvos;
				PRODUCT_NAME = "$(TARGET_NAME)";
				SDKROOT = appletvos;
				SWIFT_COMPILATION_MODE = wholemodule;
				SWIFT_OPTIMIZATION_LEVEL = "-O";
				SWIFT_VERSION = 5.0;
				TARGETED_DEVICE_FAMILY = 3;
				TVOS_DEPLOYMENT_TARGET = 14.3;
				VALIDATE_PRODUCT = YES;
			};
			name = Release;
		};
/* End XCBuildConfiguration section */

/* Begin XCConfigurationList section */
		66DE002A25A70E6D0071D27B /* Build configuration list for PBXNativeTarget "yt-translate" */ = {
			isa = XCConfigurationList;
			buildConfigurations = (
				66DE002B25A70E6D0071D27B /* Debug */,
				66DE002C25A70E6D0071D27B /* Release */,
			);
			defaultConfigurationIsVisible = 0;
			defaultConfigurationName = Release;
		};
		66DEFF3525A6E23D0071D27B /* Build configuration list for PBXProject "livetl-ios" */ = {
			isa = XCConfigurationList;
			buildConfigurations = (
				66DEFF3625A6E23D0071D27B /* Debug */,
				66DEFF3725A6E23D0071D27B /* Release */,
			);
			defaultConfigurationIsVisible = 0;
			defaultConfigurationName = Release;
		};
		66DEFF4E25A6E24B0071D27B /* Build configuration list for PBXNativeTarget "ios" */ = {
			isa = XCConfigurationList;
			buildConfigurations = (
				66DEFF4F25A6E24B0071D27B /* Debug */,
				66DEFF5025A6E24B0071D27B /* Release */,
			);
			defaultConfigurationIsVisible = 0;
			defaultConfigurationName = Release;
		};
		66DEFF6525A6E2710071D27B /* Build configuration list for PBXNativeTarget "tvos" */ = {
			isa = XCConfigurationList;
			buildConfigurations = (
				66DEFF6625A6E2710071D27B /* Debug */,
				66DEFF6725A6E2710071D27B /* Release */,
			);
			defaultConfigurationIsVisible = 0;
			defaultConfigurationName = Release;
		};
/* End XCConfigurationList section */
	};
	rootObject = 66DEFF3225A6E23D0071D27B /* Project object */;
}
